Microsoft Visual Studio Solution File, Format Version 12.00
# Visual Studio Version 17
VisualStudioVersion = 17.5.2.0
MinimumVisualStudioVersion = 10.0.40219.1
Project("{FAE04EC0-301F-11D3-BF4B-00C04F79EFBC}") = "Fibonacci Series", "Fibonacci Series\Fibonacci Series.csproj", "{3978188D-D805-B898-0057-91BA3EC08CC4}"
EndProject
Global
	GlobalSection(SolutionConfigurationPlatforms) = preSolution
		Debug|Any CPU = Debug|Any CPU
		Release|Any CPU = Release|Any CPU
	EndGlobalSection
	GlobalSection(ProjectConfigurationPlatforms) = postSolution
		{3978188D-D805-B898-0057-91BA3EC08CC4}.Debug|Any CPU.ActiveCfg = Debug|Any CPU
		{3978188D-D805-B898-0057-91BA3EC08CC4}.Debug|Any CPU.Build.0 = Debug|Any CPU
		{3978188D-D805-B898-0057-91BA3EC08CC4}.Release|Any CPU.ActiveCfg = Release|Any CPU
		{3978188D-D805-B898-0057-91BA3EC08CC4}.Release|Any CPU.Build.0 = Release|Any CPU
	EndGlobalSection
	GlobalSection(SolutionProperties) = preSolution
		HideSolutionNode = FALSE
	EndGlobalSection
	GlobalSection(ExtensibilityGlobals) = postSolution
		SolutionGuid = {0DDB9D50-CC3A-4AF8-ACC5-6DF7514275C5}
	EndGlobalSection
EndGlobal
